
Microsoft Visual Studio Solution File, Format Version 12.00
# Visual Studio 15
Project("{FAE04EC0-301F-11D3-BF4B-00C04F79EFBC}") = "MyLockstep", "MyLockstep.csproj", "{DF43F304-6715-3CCC-1B48-DBEDA5858994}"
EndProject
Global
	GlobalSection(SolutionConfigurationPlatforms) = preSolution
		Debug|Any CPU = Debug|Any CPU
		Release|Any CPU = Release|Any CPU
	EndGlobalSection
	GlobalSection(ProjectConfigurationPlatforms) = postSolution
		{DF43F304-6715-3CCC-1B48-DBEDA5858994}.Debug|Any CPU.ActiveCfg = Debug|Any CPU
		{DF43F304-6715-3CCC-1B48-DBEDA5858994}.Debug|Any CPU.Build.0 = Debug|Any CPU
		{DF43F304-6715-3CCC-1B48-DBEDA5858994}.Release|Any CPU.ActiveCfg = Release|Any CPU
		{DF43F304-6715-3CCC-1B48-DBEDA5858994}.Release|Any CPU.Build.0 = Release|Any CPU
	EndGlobalSection
	GlobalSection(SolutionProperties) = preSolution
		HideSolutionNode = FALSE
	EndGlobalSection
EndGlobal
